
Microsoft Visual Studio Solution File, Format Version 12.00
# Visual Studio Version 17
VisualStudioVersion = 17.8.34601.278
MinimumVisualStudioVersion = 10.0.40219.1
Project("{FAE04EC0-301F-11D3-BF4B-00C04F79EFBC}") = "Esercizio", "Esercizio.csproj", "{98AE5A02-42B8-4FD6-8EAA-E8AE72EC4B47}"
EndProject
Global
	GlobalSection(SolutionConfigurationPlatforms) = preSolution
		Debug|Any CPU = Debug|Any CPU
		Release|Any CPU = Release|Any CPU
	EndGlobalSection
	GlobalSection(ProjectConfigurationPlatforms) = postSolution
		{98AE5A02-42B8-4FD6-8EAA-E8AE72EC4B47}.Debug|Any CPU.ActiveCfg = Debug|Any CPU
		{98AE5A02-42B8-4FD6-8EAA-E8AE72EC4B47}.Debug|Any CPU.Build.0 = Debug|Any CPU
		{98AE5A02-42B8-4FD6-8EAA-E8AE72EC4B47}.Release|Any CPU.ActiveCfg = Release|Any CPU
		{98AE5A02-42B8-4FD6-8EAA-E8AE72EC4B47}.Release|Any CPU.Build.0 = Release|Any CPU
	EndGlobalSection
	GlobalSection(SolutionProperties) = preSolution
		HideSolutionNode = FALSE
	EndGlobalSection
	GlobalSection(ExtensibilityGlobals) = postSolution
		SolutionGuid = {817F34E8-26E1-4CB7-B1D1-18733AA54149}
	EndGlobalSection
EndGlobal
